
Microsoft Visual Studio Solution File, Format Version 12.00
# Visual Studio Version 17
VisualStudioVersion = 17.13.35825.156 d17.13
MinimumVisualStudioVersion = 10.0.40219.1
Project("{FAE04EC0-301F-11D3-BF4B-00C04F79EFBC}") = "DataSummary", "DataSummary\DataSummary.csproj", "{7B68693F-A75D-4FF3-8E3B-CC2610B8621B}"
EndProject
Global
	GlobalSection(SolutionConfigurationPlatforms) = preSolution
		Debug|Any CPU = Debug|Any CPU
		Release|Any CPU = Release|Any CPU
	EndGlobalSection
	GlobalSection(ProjectConfigurationPlatforms) = postSolution
		{7B68693F-A75D-4FF3-8E3B-CC2610B8621B}.Debug|Any CPU.ActiveCfg = Debug|Any CPU
		{7B68693F-A75D-4FF3-8E3B-CC2610B8621B}.Debug|Any CPU.Build.0 = Debug|Any CPU
		{7B68693F-A75D-4FF3-8E3B-CC2610B8621B}.Release|Any CPU.ActiveCfg = Release|Any CPU
		{7B68693F-A75D-4FF3-8E3B-CC2610B8621B}.Release|Any CPU.Build.0 = Release|Any CPU
	EndGlobalSection
	GlobalSection(SolutionProperties) = preSolution
		HideSolutionNode = FALSE
	EndGlobalSection
	GlobalSection(ExtensibilityGlobals) = postSolution
		SolutionGuid = {0E1DB0EC-332F-4604-A610-DE9EF4B768BE}
	EndGlobalSection
EndGlobal
